// !$*UTF8*$!
{
	archiveVersion = 1;
	classes = {
	};
	objectVersion = 50;
	objects = {

/* Begin PBXBuildFile section */
		1E041350223BC0A4007B3406 /* DishAndDate.swift in Sources */ = {isa = PBXBuildFile; fileRef = 1E04134F223BC0A4007B3406 /* DishAndDate.swift */; };
		1E041353223BCE08007B3406 /* WeeklyFoodMenuViewController.swift in Sources */ = {isa = PBXBuildFile; fileRef = 1E041352223BCE08007B3406 /* WeeklyFoodMenuViewController.swift */; };
		1E041355223BCEB0007B3406 /* FinishedWeeklyMenuTableViewCell.swift in Sources */ = {isa = PBXBuildFile; fileRef = 1E041354223BCEB0007B3406 /* FinishedWeeklyMenuTableViewCell.swift */; };
		1E044E8F2232978600889883 /* ShowDishViewController.swift in Sources */ = {isa = PBXBuildFile; fileRef = 1E044E8E2232978600889883 /* ShowDishViewController.swift */; };
		1E044E912232AA3600889883 /* ShowDishTableViewCell.swift in Sources */ = {isa = PBXBuildFile; fileRef = 1E044E902232AA3600889883 /* ShowDishTableViewCell.swift */; };
		1E04B7A62237D4C600CCB8A8 /* GoogleService-Info.plist in Resources */ = {isa = PBXBuildFile; fileRef = 1E04B7A52237D4C500CCB8A8 /* GoogleService-Info.plist */; };
		1E04B7B2223A8E1000CCB8A8 /* SelectRandomDishesViewController.swift in Sources */ = {isa = PBXBuildFile; fileRef = 1E04B7B1223A8E1000CCB8A8 /* SelectRandomDishesViewController.swift */; };
		1E0851F8225386CE0030DB81 /* ShoppingItem.swift in Sources */ = {isa = PBXBuildFile; fileRef = 1E0851F7225386CE0030DB81 /* ShoppingItem.swift */; };
		1E3530602271D15800557014 /* Interface.storyboard in Resources */ = {isa = PBXBuildFile; fileRef = 1E35305E2271D15800557014 /* Interface.storyboard */; };
		1E3530622271D15900557014 /* Assets.xcassets in Resources */ = {isa = PBXBuildFile; fileRef = 1E3530612271D15900557014 /* Assets.xcassets */; };
		1E3530692271D15900557014 /* ShoppingList Extension.appex in Embed App Extensions */ = {isa = PBXBuildFile; fileRef = 1E3530682271D15900557014 /* ShoppingList Extension.appex */; settings = {ATTRIBUTES = (RemoveHeadersOnCopy, ); }; };
		1E35306E2271D15900557014 /* InterfaceController.swift in Sources */ = {isa = PBXBuildFile; fileRef = 1E35306D2271D15900557014 /* InterfaceController.swift */; };
		1E3530702271D15900557014 /* ExtensionDelegate.swift in Sources */ = {isa = PBXBuildFile; fileRef = 1E35306F2271D15900557014 /* ExtensionDelegate.swift */; };
		1E3530722271D15900557014 /* NotificationController.swift in Sources */ = {isa = PBXBuildFile; fileRef = 1E3530712271D15900557014 /* NotificationController.swift */; };
		1E3530742271D15900557014 /* ComplicationController.swift in Sources */ = {isa = PBXBuildFile; fileRef = 1E3530732271D15900557014 /* ComplicationController.swift */; };
		1E3530762271D15900557014 /* Assets.xcassets in Resources */ = {isa = PBXBuildFile; fileRef = 1E3530752271D15900557014 /* Assets.xcassets */; };
		1E35307B2271D15900557014 /* ShoppingList.app in Embed Watch Content */ = {isa = PBXBuildFile; fileRef = 1E35305C2271D15800557014 /* ShoppingList.app */; };
		1E47D4ED225C9710005E0FFF /* User.swift in Sources */ = {isa = PBXBuildFile; fileRef = 1E47D4EC225C9710005E0FFF /* User.swift */; };
		1E47D4F1225F78A7005E0FFF /* Invite.swift in Sources */ = {isa = PBXBuildFile; fileRef = 1E47D4F0225F78A7005E0FFF /* Invite.swift */; };
		1E47D4FA22638D03005E0FFF /* Localizable.strings in Resources */ = {isa = PBXBuildFile; fileRef = 1E47D4FC22638D03005E0FFF /* Localizable.strings */; };
		1E47D4FF22638E1C005E0FFF /* DarkTheme.swift in Sources */ = {isa = PBXBuildFile; fileRef = 1E47D4FE22638E1C005E0FFF /* DarkTheme.swift */; };
		1E633C2C223691C200C87D6D /* RandomWeeklyMenuViewController.swift in Sources */ = {isa = PBXBuildFile; fileRef = 1E633C2B223691C200C87D6D /* RandomWeeklyMenuViewController.swift */; };
		1E633C2E2236920C00C87D6D /* RandomWeeklyManuTableViewCell.swift in Sources */ = {isa = PBXBuildFile; fileRef = 1E633C2D2236920C00C87D6D /* RandomWeeklyManuTableViewCell.swift */; };
		1E768BDC225B5C9B006EC7A1 /* SettingsViewController.swift in Sources */ = {isa = PBXBuildFile; fileRef = 1E768BDB225B5C9B006EC7A1 /* SettingsViewController.swift */; };
		1E768BDE225B79E4006EC7A1 /* Onboarding.storyboard in Resources */ = {isa = PBXBuildFile; fileRef = 1E768BDD225B79E4006EC7A1 /* Onboarding.storyboard */; };
		1E7E337922295478000CAA9A /* CheckPassword.swift in Sources */ = {isa = PBXBuildFile; fileRef = 1E7E337822295478000CAA9A /* CheckPassword.swift */; };
		1E7E337E2229A0DA000CAA9A /* ButtonCell.swift in Sources */ = {isa = PBXBuildFile; fileRef = 1E7E337D2229A0DA000CAA9A /* ButtonCell.swift */; };
		1E7E33802229A2D4000CAA9A /* Button.swift in Sources */ = {isa = PBXBuildFile; fileRef = 1E7E337F2229A2D4000CAA9A /* Button.swift */; };
		1E7E3382222C20F5000CAA9A /* Dish.swift in Sources */ = {isa = PBXBuildFile; fileRef = 1E7E3381222C20F5000CAA9A /* Dish.swift */; };
		1E7E339A222C4B70000CAA9A /* MealOfDayViewController.swift in Sources */ = {isa = PBXBuildFile; fileRef = 1E7E3399222C4B70000CAA9A /* MealOfDayViewController.swift */; };
		1E7E33A0222EE266000CAA9A /* Dishes.swift in Sources */ = {isa = PBXBuildFile; fileRef = 1E7E339F222EE266000CAA9A /* Dishes.swift */; };
		1E7E33B322300451000CAA9A /* DishesViewController.swift in Sources */ = {isa = PBXBuildFile; fileRef = 1E7E33B222300451000CAA9A /* DishesViewController.swift */; };
		1E7E33C022303CCE000CAA9A /* CreateADishViewController.swift in Sources */ = {isa = PBXBuildFile; fileRef = 1E7E33BF22303CCE000CAA9A /* CreateADishViewController.swift */; };
		1E7E33C22230E46E000CAA9A /* IngredientTableViewCell.swift in Sources */ = {isa = PBXBuildFile; fileRef = 1E7E33C12230E46E000CAA9A /* IngredientTableViewCell.swift */; };
		1E7E33C42230E4DA000CAA9A /* Ingredient.swift in Sources */ = {isa = PBXBuildFile; fileRef = 1E7E33C32230E4DA000CAA9A /* Ingredient.swift */; };
		1EC628E0222473B70049BCD6 /* AppDelegate.swift in Sources */ = {isa = PBXBuildFile; fileRef = 1EC628DF222473B70049BCD6 /* AppDelegate.swift */; };
		1EC628E2222473B70049BCD6 /* OnboardingViewController.swift in Sources */ = {isa = PBXBuildFile; fileRef = 1EC628E1222473B70049BCD6 /* OnboardingViewController.swift */; };
		1EC628E5222473B70049BCD6 /* Main.storyboard in Resources */ = {isa = PBXBuildFile; fileRef = 1EC628E3222473B70049BCD6 /* Main.storyboard */; };
		1EC628E7222473B70049BCD6 /* Assets.xcassets in Resources */ = {isa = PBXBuildFile; fileRef = 1EC628E6222473B70049BCD6 /* Assets.xcassets */; };
		1EC628EA222473B70049BCD6 /* LaunchScreen.storyboard in Resources */ = {isa = PBXBuildFile; fileRef = 1EC628E8222473B70049BCD6 /* LaunchScreen.storyboard */; };
		1EC628F5222473B80049BCD6 /* FoodPlannerTests.swift in Sources */ = {isa = PBXBuildFile; fileRef = 1EC628F4222473B80049BCD6 /* FoodPlannerTests.swift */; };
		1EC62900222473B80049BCD6 /* FoodPlannerUITests.swift in Sources */ = {isa = PBXBuildFile; fileRef = 1EC628FF222473B80049BCD6 /* FoodPlannerUITests.swift */; };
		1EC62910222479D60049BCD6 /* signInViewController.swift in Sources */ = {isa = PBXBuildFile; fileRef = 1EC6290F222479D60049BCD6 /* signInViewController.swift */; };
		1EC6291322247DE00049BCD6 /* Color.xcassets in Resources */ = {isa = PBXBuildFile; fileRef = 1EC6291222247DE00049BCD6 /* Color.xcassets */; };
		1EC629152224FCD40049BCD6 /* Theme.swift in Sources */ = {isa = PBXBuildFile; fileRef = 1EC629142224FCD40049BCD6 /* Theme.swift */; };
		1EC629172224FCEE0049BCD6 /* ThemeProtocol.swift in Sources */ = {isa = PBXBuildFile; fileRef = 1EC629162224FCEE0049BCD6 /* ThemeProtocol.swift */; };
		1EC629192224FD2D0049BCD6 /* PinkTheme.swift in Sources */ = {isa = PBXBuildFile; fileRef = 1EC629182224FD2D0049BCD6 /* PinkTheme.swift */; };
		1EC6291C22252C120049BCD6 /* CreateAccountViewController.swift in Sources */ = {isa = PBXBuildFile; fileRef = 1EC6291B22252C120049BCD6 /* CreateAccountViewController.swift */; };
		1ED932B72264EF6C0040E72A /* ShowPopupWhenGettingInviteViewController.swift in Sources */ = {isa = PBXBuildFile; fileRef = 1ED932B62264EF6B0040E72A /* ShowPopupWhenGettingInviteViewController.swift */; };
		1EDD24312242769D00A5C3D3 /* CompareDayWithWeeklyMenuViewController.swift in Sources */ = {isa = PBXBuildFile; fileRef = 1EDD24302242769D00A5C3D3 /* CompareDayWithWeeklyMenuViewController.swift */; };
		1EDD24342243A86E00A5C3D3 /* ShoppingListViewController.swift in Sources */ = {isa = PBXBuildFile; fileRef = 1EDD24332243A86E00A5C3D3 /* ShoppingListViewController.swift */; };
		1EDD24362243A9C600A5C3D3 /* ShoppingListTableViewCell.swift in Sources */ = {isa = PBXBuildFile; fileRef = 1EDD24352243A9C600A5C3D3 /* ShoppingListTableViewCell.swift */; };
		1EF42E3E2226F62900CE28AD /* SideMenuViewController.swift in Sources */ = {isa = PBXBuildFile; fileRef = 1EF42E3B2226F62900CE28AD /* SideMenuViewController.swift */; };
		1EF42E3F2226F62900CE28AD /* ContainerViewController.swift in Sources */ = {isa = PBXBuildFile; fileRef = 1EF42E3C2226F62900CE28AD /* ContainerViewController.swift */; };
		1EF42E402226F62900CE28AD /* MainViewController.swift in Sources */ = {isa = PBXBuildFile; fileRef = 1EF42E3D2226F62900CE28AD /* MainViewController.swift */; };
		66BA668E687FE8976F603537 /* Pods_FoodPlanner.framework in Frameworks */ = {isa = PBXBuildFile; fileRef = C93D1F548DEA0CB3DD793B62 /* Pods_FoodPlanner.framework */; };
		6DBA00474F6F2207B0354460 /* Pods_FoodPlannerTests.framework in Frameworks */ = {isa = PBXBuildFile; fileRef = 019C5D289DD59F2AE27831DD /* Pods_FoodPlannerTests.framework */; };
		A1430DA6F987060953C5E60B /* Pods_FoodPlannerUITests.framework in Frameworks */ = {isa = PBXBuildFile; fileRef = 73F5843A05CD12784EE1E26C /* Pods_FoodPlannerUITests.framework */; };
/* End PBXBuildFile section */

/* Begin PBXContainerItemProxy section */
		1E35306A2271D15900557014 /* PBXContainerItemProxy */ = {
			isa = PBXContainerItemProxy;
			containerPortal = 1EC628D4222473B70049BCD6 /* Project object */;
			proxyType = 1;
			remoteGlobalIDString = 1E3530672271D15900557014;
			remoteInfo = "ShoppingList Extension";
		};
		1E3530792271D15900557014 /* PBXContainerItemProxy */ = {
			isa = PBXContainerItemProxy;
			containerPortal = 1EC628D4222473B70049BCD6 /* Project object */;
			proxyType = 1;
			remoteGlobalIDString = 1E35305B2271D15800557014;
			remoteInfo = ShoppingList;
		};
		1EC628F1222473B80049BCD6 /* PBXContainerItemProxy */ = {
			isa = PBXContainerItemProxy;
			containerPortal = 1EC628D4222473B70049BCD6 /* Project object */;
			proxyType = 1;
			remoteGlobalIDString = 1EC628DB222473B70049BCD6;
			remoteInfo = FoodPlaner;
		};
		1EC628FC222473B80049BCD6 /* PBXContainerItemProxy */ = {
			isa = PBXContainerItemProxy;
			containerPortal = 1EC628D4222473B70049BCD6 /* Project object */;
			proxyType = 1;
			remoteGlobalIDString = 1EC628DB222473B70049BCD6;
			remoteInfo = FoodPlaner;
		};
/* End PBXContainerItemProxy section */

/* Begin PBXCopyFilesBuildPhase section */
		1E3530812271D15900557014 /* Embed App Extensions */ = {
			isa = PBXCopyFilesBuildPhase;
			buildActionMask = 2147483647;
			dstPath = "";
			dstSubfolderSpec = 13;
			files = (
				1E3530692271D15900557014 /* ShoppingList Extension.appex in Embed App Extensions */,
			);
			name = "Embed App Extensions";
			runOnlyForDeploymentPostprocessing = 0;
		};
		1E3530832271D15900557014 /* Embed Watch Content */ = {
			isa = PBXCopyFilesBuildPhase;
			buildActionMask = 2147483647;
			dstPath = "$(CONTENTS_FOLDER_PATH)/Watch";
			dstSubfolderSpec = 16;
			files = (
				1E35307B2271D15900557014 /* ShoppingList.app in Embed Watch Content */,
			);
			name = "Embed Watch Content";
			runOnlyForDeploymentPostprocessing = 0;
		};
/* End PBXCopyFilesBuildPhase section */

/* Begin PBXFileReference section */
		019C5D289DD59F2AE27831DD /* Pods_FoodPlannerTests.framework */ = {isa = PBXFileReference; explicitFileType = wrapper.framework; includeInIndex = 0; path = Pods_FoodPlannerTests.framework; sourceTree = BUILT_PRODUCTS_DIR; };
		026F5E48AAFD23C53AD510C1 /* Pods-FoodPlannerUITests.release.xcconfig */ = {isa = PBXFileReference; includeInIndex = 1; lastKnownFileType = text.xcconfig; name = "Pods-FoodPlannerUITests.release.xcconfig"; path = "Target Support Files/Pods-FoodPlannerUITests/Pods-FoodPlannerUITests.release.xcconfig"; sourceTree = "<group>"; };
		1E04134F223BC0A4007B3406 /* DishAndDate.swift */ = {isa = PBXFileReference; lastKnownFileType = sourcecode.swift; path = DishAndDate.swift; sourceTree = "<group>"; };
		1E041352223BCE08007B3406 /* WeeklyFoodMenuViewController.swift */ = {isa = PBXFileReference; lastKnownFileType = sourcecode.swift; path = WeeklyFoodMenuViewController.swift; sourceTree = "<group>"; };
		1E041354223BCEB0007B3406 /* FinishedWeeklyMenuTableViewCell.swift */ = {isa = PBXFileReference; lastKnownFileType = sourcecode.swift; path = FinishedWeeklyMenuTableViewCell.swift; sourceTree = "<group>"; };
		1E044E8E2232978600889883 /* ShowDishViewController.swift */ = {isa = PBXFileReference; lastKnownFileType = sourcecode.swift; path = ShowDishViewController.swift; sourceTree = "<group>"; };
		1E044E902232AA3600889883 /* ShowDishTableViewCell.swift */ = {isa = PBXFileReference; lastKnownFileType = sourcecode.swift; path = ShowDishTableViewCell.swift; sourceTree = "<group>"; };
		1E04B7A52237D4C500CCB8A8 /* GoogleService-Info.plist */ = {isa = PBXFileReference; fileEncoding = 4; lastKnownFileType = text.plist.xml; path = "GoogleService-Info.plist"; sourceTree = "<group>"; };
		1E04B7B1223A8E1000CCB8A8 /* SelectRandomDishesViewController.swift */ = {isa = PBXFileReference; lastKnownFileType = sourcecode.swift; path = SelectRandomDishesViewController.swift; sourceTree = "<group>"; };
		1E0851F7225386CE0030DB81 /* ShoppingItem.swift */ = {isa = PBXFileReference; lastKnownFileType = sourcecode.swift; path = ShoppingItem.swift; sourceTree = "<group>"; };
		1E35305C2271D15800557014 /* ShoppingList.app */ = {isa = PBXFileReference; explicitFileType = wrapper.application; includeInIndex = 0; path = ShoppingList.app; sourceTree = BUILT_PRODUCTS_DIR; };
		1E35305F2271D15800557014 /* Base */ = {isa = PBXFileReference; lastKnownFileType = file.storyboard; name = Base; path = Base.lproj/Interface.storyboard; sourceTree = "<group>"; };
		1E3530612271D15900557014 /* Assets.xcassets */ = {isa = PBXFileReference; lastKnownFileType = folder.assetcatalog; path = Assets.xcassets; sourceTree = "<group>"; };
		1E3530632271D15900557014 /* Info.plist */ = {isa = PBXFileReference; lastKnownFileType = text.plist.xml; path = Info.plist; sourceTree = "<group>"; };
		1E3530682271D15900557014 /* ShoppingList Extension.appex */ = {isa = PBXFileReference; explicitFileType = "wrapper.app-extension"; includeInIndex = 0; path = "ShoppingList Extension.appex"; sourceTree = BUILT_PRODUCTS_DIR; };
		1E35306D2271D15900557014 /* InterfaceController.swift */ = {isa = PBXFileReference; lastKnownFileType = sourcecode.swift; path = InterfaceController.swift; sourceTree = "<group>"; };
		1E35306F2271D15900557014 /* ExtensionDelegate.swift */ = {isa = PBXFileReference; lastKnownFileType = sourcecode.swift; path = ExtensionDelegate.swift; sourceTree = "<group>"; };
		1E3530712271D15900557014 /* NotificationController.swift */ = {isa = PBXFileReference; lastKnownFileType = sourcecode.swift; path = NotificationController.swift; sourceTree = "<group>"; };
		1E3530732271D15900557014 /* ComplicationController.swift */ = {isa = PBXFileReference; lastKnownFileType = sourcecode.swift; path = ComplicationController.swift; sourceTree = "<group>"; };
		1E3530752271D15900557014 /* Assets.xcassets */ = {isa = PBXFileReference; lastKnownFileType = folder.assetcatalog; path = Assets.xcassets; sourceTree = "<group>"; };
		1E3530772271D15900557014 /* Info.plist */ = {isa = PBXFileReference; lastKnownFileType = text.plist.xml; path = Info.plist; sourceTree = "<group>"; };
		1E3530782271D15900557014 /* PushNotificationPayload.apns */ = {isa = PBXFileReference; lastKnownFileType = text; path = PushNotificationPayload.apns; sourceTree = "<group>"; };
		1E47D4EC225C9710005E0FFF /* User.swift */ = {isa = PBXFileReference; lastKnownFileType = sourcecode.swift; path = User.swift; sourceTree = "<group>"; };
		1E47D4F0225F78A7005E0FFF /* Invite.swift */ = {isa = PBXFileReference; lastKnownFileType = sourcecode.swift; path = Invite.swift; sourceTree = "<group>"; };
		1E47D4F422638B79005E0FFF /* sv */ = {isa = PBXFileReference; lastKnownFileType = text.plist.strings; name = sv; path = sv.lproj/Main.strings; sourceTree = "<group>"; };
		1E47D4F522638B79005E0FFF /* sv */ = {isa = PBXFileReference; lastKnownFileType = text.plist.strings; name = sv; path = sv.lproj/LaunchScreen.strings; sourceTree = "<group>"; };
		1E47D4F722638C68005E0FFF /* en */ = {isa = PBXFileReference; lastKnownFileType = text.plist.strings; name = en; path = en.lproj/Main.strings; sourceTree = "<group>"; };
		1E47D4FB22638D03005E0FFF /* sv */ = {isa = PBXFileReference; lastKnownFileType = text.plist.strings; name = sv; path = sv.lproj/Localizable.strings; sourceTree = "<group>"; };
		1E47D4FD22638D18005E0FFF /* en */ = {isa = PBXFileReference; lastKnownFileType = text.plist.strings; name = en; path = en.lproj/Localizable.strings; sourceTree = "<group>"; };
		1E47D4FE22638E1C005E0FFF /* DarkTheme.swift */ = {isa = PBXFileReference; lastKnownFileType = sourcecode.swift; path = DarkTheme.swift; sourceTree = "<group>"; };
		1E633C2B223691C200C87D6D /* RandomWeeklyMenuViewController.swift */ = {isa = PBXFileReference; lastKnownFileType = sourcecode.swift; path = RandomWeeklyMenuViewController.swift; sourceTree = "<group>"; };
		1E633C2D2236920C00C87D6D /* RandomWeeklyManuTableViewCell.swift */ = {isa = PBXFileReference; lastKnownFileType = sourcecode.swift; path = RandomWeeklyManuTableViewCell.swift; sourceTree = "<group>"; };
		1E768BDB225B5C9B006EC7A1 /* SettingsViewController.swift */ = {isa = PBXFileReference; lastKnownFileType = sourcecode.swift; path = SettingsViewController.swift; sourceTree = "<group>"; };
		1E768BDD225B79E4006EC7A1 /* Onboarding.storyboard */ = {isa = PBXFileReference; lastKnownFileType = file.storyboard; path = Onboarding.storyboard; sourceTree = "<group>"; };
		1E7E337822295478000CAA9A /* CheckPassword.swift */ = {isa = PBXFileReference; lastKnownFileType = sourcecode.swift; path = CheckPassword.swift; sourceTree = "<group>"; };
		1E7E337D2229A0DA000CAA9A /* ButtonCell.swift */ = {isa = PBXFileReference; lastKnownFileType = sourcecode.swift; path = ButtonCell.swift; sourceTree = "<group>"; };
		1E7E337F2229A2D4000CAA9A /* Button.swift */ = {isa = PBXFileReference; lastKnownFileType = sourcecode.swift; path = Button.swift; sourceTree = "<group>"; };
		1E7E3381222C20F5000CAA9A /* Dish.swift */ = {isa = PBXFileReference; lastKnownFileType = sourcecode.swift; path = Dish.swift; sourceTree = "<group>"; };
		1E7E3399222C4B70000CAA9A /* MealOfDayViewController.swift */ = {isa = PBXFileReference; lastKnownFileType = sourcecode.swift; path = MealOfDayViewController.swift; sourceTree = "<group>"; };
		1E7E339F222EE266000CAA9A /* Dishes.swift */ = {isa = PBXFileReference; lastKnownFileType = sourcecode.swift; path = Dishes.swift; sourceTree = "<group>"; };
		1E7E33B222300451000CAA9A /* DishesViewController.swift */ = {isa = PBXFileReference; lastKnownFileType = sourcecode.swift; path = DishesViewController.swift; sourceTree = "<group>"; };
		1E7E33BF22303CCE000CAA9A /* CreateADishViewController.swift */ = {isa = PBXFileReference; lastKnownFileType = sourcecode.swift; path = CreateADishViewController.swift; sourceTree = "<group>"; };
		1E7E33C12230E46E000CAA9A /* IngredientTableViewCell.swift */ = {isa = PBXFileReference; lastKnownFileType = sourcecode.swift; path = IngredientTableViewCell.swift; sourceTree = "<group>"; };
		1E7E33C32230E4DA000CAA9A /* Ingredient.swift */ = {isa = PBXFileReference; lastKnownFileType = sourcecode.swift; path = Ingredient.swift; sourceTree = "<group>"; };
		1EC628DC222473B70049BCD6 /* FoodPlanner.app */ = {isa = PBXFileReference; explicitFileType = wrapper.application; includeInIndex = 0; path = FoodPlanner.app; sourceTree = BUILT_PRODUCTS_DIR; };
		1EC628DF222473B70049BCD6 /* AppDelegate.swift */ = {isa = PBXFileReference; lastKnownFileType = sourcecode.swift; path = AppDelegate.swift; sourceTree = "<group>"; };
		1EC628E1222473B70049BCD6 /* OnboardingViewController.swift */ = {isa = PBXFileReference; lastKnownFileType = sourcecode.swift; path = OnboardingViewController.swift; sourceTree = "<group>"; };
		1EC628E4222473B70049BCD6 /* Base */ = {isa = PBXFileReference; lastKnownFileType = file.storyboard; name = Base; path = Base.lproj/Main.storyboard; sourceTree = "<group>"; };
		1EC628E6222473B70049BCD6 /* Assets.xcassets */ = {isa = PBXFileReference; lastKnownFileType = folder.assetcatalog; path = Assets.xcassets; sourceTree = "<group>"; };
		1EC628E9222473B70049BCD6 /* Base */ = {isa = PBXFileReference; lastKnownFileType = file.storyboard; name = Base; path = Base.lproj/LaunchScreen.storyboard; sourceTree = "<group>"; };
		1EC628EB222473B70049BCD6 /* Info.plist */ = {isa = PBXFileReference; lastKnownFileType = text.plist.xml; path = Info.plist; sourceTree = "<group>"; };
		1EC628F0222473B80049BCD6 /* FoodPlannerTests.xctest */ = {isa = PBXFileReference; explicitFileType = wrapper.cfbundle; includeInIndex = 0; path = FoodPlannerTests.xctest; sourceTree = BUILT_PRODUCTS_DIR; };
		1EC628F4222473B80049BCD6 /* FoodPlannerTests.swift */ = {isa = PBXFileReference; lastKnownFileType = sourcecode.swift; path = FoodPlannerTests.swift; sourceTree = "<group>"; };
		1EC628F6222473B80049BCD6 /* Info.plist */ = {isa = PBXFileReference; lastKnownFileType = text.plist.xml; path = Info.plist; sourceTree = "<group>"; };
		1EC628FB222473B80049BCD6 /* FoodPlannerUITests.xctest */ = {isa = PBXFileReference; explicitFileType = wrapper.cfbundle; includeInIndex = 0; path = FoodPlannerUITests.xctest; sourceTree = BUILT_PRODUCTS_DIR; };
		1EC628FF222473B80049BCD6 /* FoodPlannerUITests.swift */ = {isa = PBXFileReference; lastKnownFileType = sourcecode.swift; path = FoodPlannerUITests.swift; sourceTree = "<group>"; };
		1EC62901222473B80049BCD6 /* Info.plist */ = {isa = PBXFileReference; lastKnownFileType = text.plist.xml; path = Info.plist; sourceTree = "<group>"; };
		1EC6290F222479D60049BCD6 /* signInViewController.swift */ = {isa = PBXFileReference; lastKnownFileType = sourcecode.swift; path = signInViewController.swift; sourceTree = "<group>"; };
		1EC6291222247DE00049BCD6 /* Color.xcassets */ = {isa = PBXFileReference; lastKnownFileType = folder.assetcatalog; path = Color.xcassets; sourceTree = "<group>"; };
		1EC629142224FCD40049BCD6 /* Theme.swift */ = {isa = PBXFileReference; lastKnownFileType = sourcecode.swift; path = Theme.swift; sourceTree = "<group>"; };
		1EC629162224FCEE0049BCD6 /* ThemeProtocol.swift */ = {isa = PBXFileReference; lastKnownFileType = sourcecode.swift; path = ThemeProtocol.swift; sourceTree = "<group>"; };
		1EC629182224FD2D0049BCD6 /* PinkTheme.swift */ = {isa = PBXFileReference; lastKnownFileType = sourcecode.swift; path = PinkTheme.swift; sourceTree = "<group>"; };
		1EC6291B22252C120049BCD6 /* CreateAccountViewController.swift */ = {isa = PBXFileReference; lastKnownFileType = sourcecode.swift; path = CreateAccountViewController.swift; sourceTree = "<group>"; };
		1ED932B62264EF6B0040E72A /* ShowPopupWhenGettingInviteViewController.swift */ = {isa = PBXFileReference; lastKnownFileType = sourcecode.swift; path = ShowPopupWhenGettingInviteViewController.swift; sourceTree = "<group>"; };
		1EDD24302242769D00A5C3D3 /* CompareDayWithWeeklyMenuViewController.swift */ = {isa = PBXFileReference; lastKnownFileType = sourcecode.swift; path = CompareDayWithWeeklyMenuViewController.swift; sourceTree = "<group>"; };
		1EDD24332243A86E00A5C3D3 /* ShoppingListViewController.swift */ = {isa = PBXFileReference; lastKnownFileType = sourcecode.swift; path = ShoppingListViewController.swift; sourceTree = "<group>"; };
		1EDD24352243A9C600A5C3D3 /* ShoppingListTableViewCell.swift */ = {isa = PBXFileReference; lastKnownFileType = sourcecode.swift; path = ShoppingListTableViewCell.swift; sourceTree = "<group>"; };
		1EF42E3B2226F62900CE28AD /* SideMenuViewController.swift */ = {isa = PBXFileReference; fileEncoding = 4; lastKnownFileType = sourcecode.swift; path = SideMenuViewController.swift; sourceTree = "<group>"; };
		1EF42E3C2226F62900CE28AD /* ContainerViewController.swift */ = {isa = PBXFileReference; fileEncoding = 4; lastKnownFileType = sourcecode.swift; path = ContainerViewController.swift; sourceTree = "<group>"; };
		1EF42E3D2226F62900CE28AD /* MainViewController.swift */ = {isa = PBXFileReference; fileEncoding = 4; lastKnownFileType = sourcecode.swift; path = MainViewController.swift; sourceTree = "<group>"; };
		62658D5068C3ECEFD0C227EB /* Pods-FoodPlanner.debug.xcconfig */ = {isa = PBXFileReference; includeInIndex = 1; lastKnownFileType = text.xcconfig; name = "Pods-FoodPlanner.debug.xcconfig"; path = "Target Support Files/Pods-FoodPlanner/Pods-FoodPlanner.debug.xcconfig"; sourceTree = "<group>"; };
		73F5843A05CD12784EE1E26C /* Pods_FoodPlannerUITests.framework */ = {isa = PBXFileReference; explicitFileType = wrapper.framework; includeInIndex = 0; path = Pods_FoodPlannerUITests.framework; sourceTree = BUILT_PRODUCTS_DIR; };
		87520F1664569A261041829E /* Pods-FoodPlannerTests.release.xcconfig */ = {isa = PBXFileReference; includeInIndex = 1; lastKnownFileType = text.xcconfig; name = "Pods-FoodPlannerTests.release.xcconfig"; path = "Target Support Files/Pods-FoodPlannerTests/Pods-FoodPlannerTests.release.xcconfig"; sourceTree = "<group>"; };
		C93D1F548DEA0CB3DD793B62 /* Pods_FoodPlanner.framework */ = {isa = PBXFileReference; explicitFileType = wrapper.framework; includeInIndex = 0; path = Pods_FoodPlanner.framework; sourceTree = BUILT_PRODUCTS_DIR; };
		D4120E27044268A42BC661BC /* Pods-FoodPlanner.release.xcconfig */ = {isa = PBXFileReference; includeInIndex = 1; lastKnownFileType = text.xcconfig; name = "Pods-FoodPlanner.release.xcconfig"; path = "Target Support Files/Pods-FoodPlanner/Pods-FoodPlanner.release.xcconfig"; sourceTree = "<group>"; };
		E195E83A1A66A7AEBCD805F4 /* Pods-FoodPlannerTests.debug.xcconfig */ = {isa = PBXFileReference; includeInIndex = 1; lastKnownFileType = text.xcconfig; name = "Pods-FoodPlannerTests.debug.xcconfig"; path = "Target Support Files/Pods-FoodPlannerTests/Pods-FoodPlannerTests.debug.xcconfig"; sourceTree = "<group>"; };
		FAF5B2A590BB70BCA7991550 /* Pods-FoodPlannerUITests.debug.xcconfig */ = {isa = PBXFileReference; includeInIndex = 1; lastKnownFileType = text.xcconfig; name = "Pods-FoodPlannerUITests.debug.xcconfig"; path = "Target Support Files/Pods-FoodPlannerUITests/Pods-FoodPlannerUITests.debug.xcconfig"; sourceTree = "<group>"; };
/* End PBXFileReference section */

/* Begin PBXFrameworksBuildPhase section */
		1E3530652271D15900557014 /* Frameworks */ = {
			isa = PBXFrameworksBuildPhase;
			buildActionMask = 2147483647;
			files = (
			);
			runOnlyForDeploymentPostprocessing = 0;
		};
		1EC628D9222473B70049BCD6 /* Frameworks */ = {
			isa = PBXFrameworksBuildPhase;
			buildActionMask = 2147483647;
			files = (
				66BA668E687FE8976F603537 /* Pods_FoodPlanner.framework in Frameworks */,
			);
			runOnlyForDeploymentPostprocessing = 0;
		};
		1EC628ED222473B80049BCD6 /* Frameworks */ = {
			isa = PBXFrameworksBuildPhase;
			buildActionMask = 2147483647;
			files = (
				6DBA00474F6F2207B0354460 /* Pods_FoodPlannerTests.framework in Frameworks */,
			);
			runOnlyForDeploymentPostprocessing = 0;
		};
		1EC628F8222473B80049BCD6 /* Frameworks */ = {
			isa = PBXFrameworksBuildPhase;
			buildActionMask = 2147483647;
			files = (
				A1430DA6F987060953C5E60B /* Pods_FoodPlannerUITests.framework in Frameworks */,
			);
			runOnlyForDeploymentPostprocessing = 0;
		};
/* End PBXFrameworksBuildPhase section */

/* Begin PBXGroup section */
		0626589BC87C88ED4FFB3770 /* Frameworks */ = {
			isa = PBXGroup;
			children = (
				C93D1F548DEA0CB3DD793B62 /* Pods_FoodPlanner.framework */,
				019C5D289DD59F2AE27831DD /* Pods_FoodPlannerTests.framework */,
				73F5843A05CD12784EE1E26C /* Pods_FoodPlannerUITests.framework */,
			);
			name = Frameworks;
			sourceTree = "<group>";
		};
		0D5C420E64E34E2D4EE44472 /* Pods */ = {
			isa = PBXGroup;
			children = (
				62658D5068C3ECEFD0C227EB /* Pods-FoodPlanner.debug.xcconfig */,
				D4120E27044268A42BC661BC /* Pods-FoodPlanner.release.xcconfig */,
				E195E83A1A66A7AEBCD805F4 /* Pods-FoodPlannerTests.debug.xcconfig */,
				87520F1664569A261041829E /* Pods-FoodPlannerTests.release.xcconfig */,
				FAF5B2A590BB70BCA7991550 /* Pods-FoodPlannerUITests.debug.xcconfig */,
				026F5E48AAFD23C53AD510C1 /* Pods-FoodPlannerUITests.release.xcconfig */,
			);
			path = Pods;
			sourceTree = "<group>";
		};
		1E041351223BCD83007B3406 /* Finished Weekly FoodMenu */ = {
			isa = PBXGroup;
			children = (
				1E041352223BCE08007B3406 /* WeeklyFoodMenuViewController.swift */,
				1E041354223BCEB0007B3406 /* FinishedWeeklyMenuTableViewCell.swift */,
			);
			path = "Finished Weekly FoodMenu";
			sourceTree = "<group>";
		};
		1E044E952235142200889883 /* Storyboard */ = {
			isa = PBXGroup;
			children = (
				1EC628E3222473B70049BCD6 /* Main.storyboard */,
				1E47D4FC22638D03005E0FFF /* Localizable.strings */,
			);
			path = Storyboard;
			sourceTree = "<group>";
		};
		1E35305D2271D15800557014 /* ShoppingList */ = {
			isa = PBXGroup;
			children = (
				1E35305E2271D15800557014 /* Interface.storyboard */,
				1E3530612271D15900557014 /* Assets.xcassets */,
				1E3530632271D15900557014 /* Info.plist */,
			);
			path = ShoppingList;
			sourceTree = "<group>";
		};
		1E35306C2271D15900557014 /* ShoppingList Extension */ = {
			isa = PBXGroup;
			children = (
				1E35306D2271D15900557014 /* InterfaceController.swift */,
				1E35306F2271D15900557014 /* ExtensionDelegate.swift */,
				1E3530712271D15900557014 /* NotificationController.swift */,
				1E3530732271D15900557014 /* ComplicationController.swift */,
				1E3530752271D15900557014 /* Assets.xcassets */,
				1E3530772271D15900557014 /* Info.plist */,
				1E3530782271D15900557014 /* PushNotificationPayload.apns */,
			);
			path = "ShoppingList Extension";
			sourceTree = "<group>";
		};
		1E3530842271F1AB00557014 /* Apple Watch Shopping List */ = {
			isa = PBXGroup;
			children = (
			);
			path = "Apple Watch Shopping List";
			sourceTree = "<group>";
		};
		1E3C6B5D22358FA70085F92B /* Create a dish controller */ = {
			isa = PBXGroup;
			children = (
				1E7E33BF22303CCE000CAA9A /* CreateADishViewController.swift */,
				1E7E33C12230E46E000CAA9A /* IngredientTableViewCell.swift */,
			);
			path = "Create a dish controller";
			sourceTree = "<group>";
		};
		1E3C6B5E22358FD10085F92B /* Show dish controller */ = {
			isa = PBXGroup;
			children = (
				1E044E8E2232978600889883 /* ShowDishViewController.swift */,
				1E044E902232AA3600889883 /* ShowDishTableViewCell.swift */,
			);
			path = "Show dish controller";
			sourceTree = "<group>";
		};
		1E3C6B5F2235900F0085F92B /* Show dishes controller */ = {
			isa = PBXGroup;
			children = (
				1E7E33B222300451000CAA9A /* DishesViewController.swift */,
			);
			path = "Show dishes controller";
			sourceTree = "<group>";
		};
		1E633C2A2236918A00C87D6D /* Get random weekly menu */ = {
			isa = PBXGroup;
			children = (
				1E04B7B1223A8E1000CCB8A8 /* SelectRandomDishesViewController.swift */,
				1E633C2B223691C200C87D6D /* RandomWeeklyMenuViewController.swift */,
				1E633C2D2236920C00C87D6D /* RandomWeeklyManuTableViewCell.swift */,
			);
			path = "Get random weekly menu";
			sourceTree = "<group>";
		};
		1E768BDA225B5C78006EC7A1 /* Settings controller */ = {
			isa = PBXGroup;
			children = (
				1E768BDB225B5C9B006EC7A1 /* SettingsViewController.swift */,
			);
			path = "Settings controller";
			sourceTree = "<group>";
		};
		1E768BE1225B7E99006EC7A1 /* Sign in controller */ = {
			isa = PBXGroup;
			children = (
				1EC6290F222479D60049BCD6 /* signInViewController.swift */,
			);
			path = "Sign in controller";
			sourceTree = "<group>";
		};
		1E768BE2225B7EB9006EC7A1 /* Create account controller */ = {
			isa = PBXGroup;
			children = (
				1EC6291B22252C120049BCD6 /* CreateAccountViewController.swift */,
			);
			path = "Create account controller";
			sourceTree = "<group>";
		};
		1E768BE3225B7EE8006EC7A1 /* Onboarding controller */ = {
			isa = PBXGroup;
			children = (
				1EC628E1222473B70049BCD6 /* OnboardingViewController.swift */,
			);
			path = "Onboarding controller";
			sourceTree = "<group>";
		};
		1E7E33772229544C000CAA9A /* Model */ = {
			isa = PBXGroup;
			children = (
				1E7E3381222C20F5000CAA9A /* Dish.swift */,
				1E7E33C32230E4DA000CAA9A /* Ingredient.swift */,
				1E7E339F222EE266000CAA9A /* Dishes.swift */,
				1E7E337822295478000CAA9A /* CheckPassword.swift */,
				1E04134F223BC0A4007B3406 /* DishAndDate.swift */,
				1E0851F7225386CE0030DB81 /* ShoppingItem.swift */,
				1E47D4EC225C9710005E0FFF /* User.swift */,
				1E47D4F0225F78A7005E0FFF /* Invite.swift */,
				1ED932B62264EF6B0040E72A /* ShowPopupWhenGettingInviteViewController.swift */,
			);
			path = Model;
			sourceTree = "<group>";
		};
		1E7E337A22299D28000CAA9A /* Buttons in side menu */ = {
			isa = PBXGroup;
			children = (
				1E7E337D2229A0DA000CAA9A /* ButtonCell.swift */,
				1E7E337F2229A2D4000CAA9A /* Button.swift */,
			);
			path = "Buttons in side menu";
			sourceTree = "<group>";
		};
		1EC628D3222473B70049BCD6 = {
			isa = PBXGroup;
			children = (
				1EC628DE222473B70049BCD6 /* FoodPlanner */,
				1EC628F3222473B80049BCD6 /* FoodPlannerTests */,
				1EC628FE222473B80049BCD6 /* FoodPlannerUITests */,
				1E35305D2271D15800557014 /* ShoppingList */,
				1E35306C2271D15900557014 /* ShoppingList Extension */,
				1EC628DD222473B70049BCD6 /* Products */,
				0D5C420E64E34E2D4EE44472 /* Pods */,
				0626589BC87C88ED4FFB3770 /* Frameworks */,
			);
			sourceTree = "<group>";
		};
		1EC628DD222473B70049BCD6 /* Products */ = {
			isa = PBXGroup;
			children = (
				1EC628DC222473B70049BCD6 /* FoodPlanner.app */,
				1EC628F0222473B80049BCD6 /* FoodPlannerTests.xctest */,
				1EC628FB222473B80049BCD6 /* FoodPlannerUITests.xctest */,
				1E35305C2271D15800557014 /* ShoppingList.app */,
				1E3530682271D15900557014 /* ShoppingList Extension.appex */,
			);
			name = Products;
			sourceTree = "<group>";
		};
		1EC628DE222473B70049BCD6 /* FoodPlanner */ = {
			isa = PBXGroup;
			children = (
				1EC628DF222473B70049BCD6 /* AppDelegate.swift */,
				1EC6290D222476790049BCD6 /* Onboarding storyboard */,
				1E044E952235142200889883 /* Storyboard */,
				1E7E33772229544C000CAA9A /* Model */,
				1EC6291122247DAE0049BCD6 /* Theme */,
				1E768BE2225B7EB9006EC7A1 /* Create account controller */,
				1E768BE1225B7E99006EC7A1 /* Sign in controller */,
				1EF42E3A2226F60700CE28AD /* Side Menu */,
				1E3C6B5F2235900F0085F92B /* Show dishes controller */,
				1E3C6B5D22358FA70085F92B /* Create a dish controller */,
				1E3C6B5E22358FD10085F92B /* Show dish controller */,
				1E633C2A2236918A00C87D6D /* Get random weekly menu */,
				1E041351223BCD83007B3406 /* Finished Weekly FoodMenu */,
				1EDD24322243A84800A5C3D3 /* Shopping List */,
				1E768BDA225B5C78006EC7A1 /* Settings controller */,
				1E3530842271F1AB00557014 /* Apple Watch Shopping List */,
				1EC628E6222473B70049BCD6 /* Assets.xcassets */,
				1EC628E8222473B70049BCD6 /* LaunchScreen.storyboard */,
				1E04B7A52237D4C500CCB8A8 /* GoogleService-Info.plist */,
				1EC628EB222473B70049BCD6 /* Info.plist */,
			);
			path = FoodPlanner;
			sourceTree = "<group>";
		};
		1EC628F3222473B80049BCD6 /* FoodPlannerTests */ = {
			isa = PBXGroup;
			children = (
				1EC628F4222473B80049BCD6 /* FoodPlannerTests.swift */,
				1EC628F6222473B80049BCD6 /* Info.plist */,
			);
			path = FoodPlannerTests;
			sourceTree = "<group>";
		};
		1EC628FE222473B80049BCD6 /* FoodPlannerUITests */ = {
			isa = PBXGroup;
			children = (
				1EC628FF222473B80049BCD6 /* FoodPlannerUITests.swift */,
				1EC62901222473B80049BCD6 /* Info.plist */,
			);
			path = FoodPlannerUITests;
			sourceTree = "<group>";
		};
		1EC6290D222476790049BCD6 /* Onboarding storyboard */ = {
			isa = PBXGroup;
			children = (
				1E768BDD225B79E4006EC7A1 /* Onboarding.storyboard */,
				1E768BE3225B7EE8006EC7A1 /* Onboarding controller */,
			);
			path = "Onboarding storyboard";
			sourceTree = "<group>";
		};
		1EC6291122247DAE0049BCD6 /* Theme */ = {
			isa = PBXGroup;
			children = (
				1EC6291222247DE00049BCD6 /* Color.xcassets */,
				1EC629142224FCD40049BCD6 /* Theme.swift */,
				1EC629162224FCEE0049BCD6 /* ThemeProtocol.swift */,
				1EC629182224FD2D0049BCD6 /* PinkTheme.swift */,
				1E47D4FE22638E1C005E0FFF /* DarkTheme.swift */,
			);
			path = Theme;
			sourceTree = "<group>";
		};
		1EDD24322243A84800A5C3D3 /* Shopping List */ = {
			isa = PBXGroup;
			children = (
				1EDD24332243A86E00A5C3D3 /* ShoppingListViewController.swift */,
				1EDD24352243A9C600A5C3D3 /* ShoppingListTableViewCell.swift */,
			);
			path = "Shopping List";
			sourceTree = "<group>";
		};
		1EF42E3A2226F60700CE28AD /* Side Menu */ = {
			isa = PBXGroup;
			children = (
				1E7E337A22299D28000CAA9A /* Buttons in side menu */,
				1EF42E3C2226F62900CE28AD /* ContainerViewController.swift */,
				1EF42E3D2226F62900CE28AD /* MainViewController.swift */,
				1EF42E3B2226F62900CE28AD /* SideMenuViewController.swift */,
				1EDD24302242769D00A5C3D3 /* CompareDayWithWeeklyMenuViewController.swift */,
				1E7E3399222C4B70000CAA9A /* MealOfDayViewController.swift */,
			);
			path = "Side Menu";
			sourceTree = "<group>";
		};
/* End PBXGroup section */

/* Begin PBXNativeTarget section */
		1E35305B2271D15800557014 /* ShoppingList */ = {
			isa = PBXNativeTarget;
			buildConfigurationList = 1E3530822271D15900557014 /* Build configuration list for PBXNativeTarget "ShoppingList" */;
			buildPhases = (
				1E35305A2271D15800557014 /* Resources */,
				1E3530812271D15900557014 /* Embed App Extensions */,
			);
			buildRules = (
			);
			dependencies = (
				1E35306B2271D15900557014 /* PBXTargetDependency */,
			);
			name = ShoppingList;
			productName = ShoppingList;
			productReference = 1E35305C2271D15800557014 /* ShoppingList.app */;
			productType = "com.apple.product-type.application.watchapp2";
		};
		1E3530672271D15900557014 /* ShoppingList Extension */ = {
			isa = PBXNativeTarget;
			buildConfigurationList = 1E3530802271D15900557014 /* Build configuration list for PBXNativeTarget "ShoppingList Extension" */;
			buildPhases = (
				1E3530642271D15900557014 /* Sources */,
				1E3530652271D15900557014 /* Frameworks */,
				1E3530662271D15900557014 /* Resources */,
			);
			buildRules = (
			);
			dependencies = (
			);
			name = "ShoppingList Extension";
			productName = "ShoppingList Extension";
			productReference = 1E3530682271D15900557014 /* ShoppingList Extension.appex */;
			productType = "com.apple.product-type.watchkit2-extension";
		};
		1EC628DB222473B70049BCD6 /* FoodPlanner */ = {
			isa = PBXNativeTarget;
			buildConfigurationList = 1EC62904222473B80049BCD6 /* Build configuration list for PBXNativeTarget "FoodPlanner" */;
			buildPhases = (
				23483AD836B4C146F5050658 /* [CP] Check Pods Manifest.lock */,
				1EC628D8222473B70049BCD6 /* Sources */,
				1EC628D9222473B70049BCD6 /* Frameworks */,
				1EC628DA222473B70049BCD6 /* Resources */,
				8C9D07908499943F7D86910A /* [CP] Embed Pods Frameworks */,
				1E3530832271D15900557014 /* Embed Watch Content */,
			);
			buildRules = (
			);
			dependencies = (
				1E35307A2271D15900557014 /* PBXTargetDependency */,
			);
			name = FoodPlanner;
			productName = FoodPlaner;
			productReference = 1EC628DC222473B70049BCD6 /* FoodPlanner.app */;
			productType = "com.apple.product-type.application";
		};
		1EC628EF222473B80049BCD6 /* FoodPlannerTests */ = {
			isa = PBXNativeTarget;
			buildConfigurationList = 1EC62907222473B80049BCD6 /* Build configuration list for PBXNativeTarget "FoodPlannerTests" */;
			buildPhases = (
				F85CA9A4063223C56F3D6F12 /* [CP] Check Pods Manifest.lock */,
				1EC628EC222473B80049BCD6 /* Sources */,
				1EC628ED222473B80049BCD6 /* Frameworks */,
				1EC628EE222473B80049BCD6 /* Resources */,
			);
			buildRules = (
			);
			dependencies = (
				1EC628F2222473B80049BCD6 /* PBXTargetDependency */,
			);
			name = FoodPlannerTests;
			productName = FoodPlanerTests;
			productReference = 1EC628F0222473B80049BCD6 /* FoodPlannerTests.xctest */;
			productType = "com.apple.product-type.bundle.unit-test";
		};
		1EC628FA222473B80049BCD6 /* FoodPlannerUITests */ = {
			isa = PBXNativeTarget;
			buildConfigurationList = 1EC6290A222473B80049BCD6 /* Build configuration list for PBXNativeTarget "FoodPlannerUITests" */;
			buildPhases = (
				E087157A949920D6E2BB5D63 /* [CP] Check Pods Manifest.lock */,
				1EC628F7222473B80049BCD6 /* Sources */,
				1EC628F8222473B80049BCD6 /* Frameworks */,
				1EC628F9222473B80049BCD6 /* Resources */,
			);
			buildRules = (
			);
			dependencies = (
				1EC628FD222473B80049BCD6 /* PBXTargetDependency */,
			);
			name = FoodPlannerUITests;
			productName = FoodPlanerUITests;
			productReference = 1EC628FB222473B80049BCD6 /* FoodPlannerUITests.xctest */;
			productType = "com.apple.product-type.bundle.ui-testing";
		};
/* End PBXNativeTarget section */

/* Begin PBXProject section */
		1EC628D4222473B70049BCD6 /* Project object */ = {
			isa = PBXProject;
			attributes = {
				LastSwiftUpdateCheck = 1020;
				LastUpgradeCheck = 1010;
				ORGANIZATIONNAME = "Björn Åhström";
				TargetAttributes = {
					1E35305B2271D15800557014 = {
						CreatedOnToolsVersion = 10.2;
					};
					1E3530672271D15900557014 = {
						CreatedOnToolsVersion = 10.2;
					};
					1EC628DB222473B70049BCD6 = {
						CreatedOnToolsVersion = 10.1;
					};
					1EC628EF222473B80049BCD6 = {
						CreatedOnToolsVersion = 10.1;
						TestTargetID = 1EC628DB222473B70049BCD6;
					};
					1EC628FA222473B80049BCD6 = {
						CreatedOnToolsVersion = 10.1;
						TestTargetID = 1EC628DB222473B70049BCD6;
					};
				};
			};
			buildConfigurationList = 1EC628D7222473B70049BCD6 /* Build configuration list for PBXProject "FoodPlanner" */;
			compatibilityVersion = "Xcode 9.3";
			developmentRegion = en;
			hasScannedForEncodings = 0;
			knownRegions = (
				en,
				Base,
				sv,
			);
			mainGroup = 1EC628D3222473B70049BCD6;
			productRefGroup = 1EC628DD222473B70049BCD6 /* Products */;
			projectDirPath = "";
			projectRoot = "";
			targets = (
				1EC628DB222473B70049BCD6 /* FoodPlanner */,
				1EC628EF222473B80049BCD6 /* FoodPlannerTests */,
				1EC628FA222473B80049BCD6 /* FoodPlannerUITests */,
				1E35305B2271D15800557014 /* ShoppingList */,
				1E3530672271D15900557014 /* ShoppingList Extension */,
			);
		};
/* End PBXProject section */

/* Begin PBXResourcesBuildPhase section */
		1E35305A2271D15800557014 /* Resources */ = {
			isa = PBXResourcesBuildPhase;
			buildActionMask = 2147483647;
			files = (
				1E3530622271D15900557014 /* Assets.xcassets in Resources */,
				1E3530602271D15800557014 /* Interface.storyboard in Resources */,
			);
			runOnlyForDeploymentPostprocessing = 0;
		};
		1E3530662271D15900557014 /* Resources */ = {
			isa = PBXResourcesBuildPhase;
			buildActionMask = 2147483647;
			files = (
				1E3530762271D15900557014 /* Assets.xcassets in Resources */,
			);
			runOnlyForDeploymentPostprocessing = 0;
		};
		1EC628DA222473B70049BCD6 /* Resources */ = {
			isa = PBXResourcesBuildPhase;
			buildActionMask = 2147483647;
			files = (
				1EC628EA222473B70049BCD6 /* LaunchScreen.storyboard in Resources */,
				1EC6291322247DE00049BCD6 /* Color.xcassets in Resources */,
				1E04B7A62237D4C600CCB8A8 /* GoogleService-Info.plist in Resources */,
				1E47D4FA22638D03005E0FFF /* Localizable.strings in Resources */,
				1E768BDE225B79E4006EC7A1 /* Onboarding.storyboard in Resources */,
				1EC628E7222473B70049BCD6 /* Assets.xcassets in Resources */,
				1EC628E5222473B70049BCD6 /* Main.storyboard in Resources */,
			);
			runOnlyForDeploymentPostprocessing = 0;
		};
		1EC628EE222473B80049BCD6 /* Resources */ = {
			isa = PBXResourcesBuildPhase;
			buildActionMask = 2147483647;
			files = (
			);
			runOnlyForDeploymentPostprocessing = 0;
		};
		1EC628F9222473B80049BCD6 /* Resources */ = {
			isa = PBXResourcesBuildPhase;
			buildActionMask = 2147483647;
			files = (
			);
			runOnlyForDeploymentPostprocessing = 0;
		};
/* End PBXResourcesBuildPhase section */

/* Begin PBXShellScriptBuildPhase section */
		23483AD836B4C146F5050658 /* [CP] Check Pods Manifest.lock */ = {
			isa = PBXShellScriptBuildPhase;
			buildActionMask = 2147483647;
			files = (
			);
			inputFileListPaths = (
			);
			inputPaths = (
				"${PODS_PODFILE_DIR_PATH}/Podfile.lock",
				"${PODS_ROOT}/Manifest.lock",
			);
			name = "[CP] Check Pods Manifest.lock";
			outputFileListPaths = (
			);
			outputPaths = (
				"$(DERIVED_FILE_DIR)/Pods-FoodPlanner-checkManifestLockResult.txt",
			);
			runOnlyForDeploymentPostprocessing = 0;
			shellPath = /bin/sh;
			shellScript = "diff \"${PODS_PODFILE_DIR_PATH}/Podfile.lock\" \"${PODS_ROOT}/Manifest.lock\" > /dev/null\nif [ $? != 0 ] ; then\n    # print error to STDERR\n    echo \"error: The sandbox is not in sync with the Podfile.lock. Run 'pod install' or update your CocoaPods installation.\" >&2\n    exit 1\nfi\n# This output is used by Xcode 'outputs' to avoid re-running this script phase.\necho \"SUCCESS\" > \"${SCRIPT_OUTPUT_FILE_0}\"\n";
			showEnvVarsInLog = 0;
		};
		8C9D07908499943F7D86910A /* [CP] Embed Pods Frameworks */ = {
			isa = PBXShellScriptBuildPhase;
			buildActionMask = 2147483647;
			files = (
			);
			inputFileListPaths = (
			);
			inputPaths = (
				"${PODS_ROOT}/Target Support Files/Pods-FoodPlanner/Pods-FoodPlanner-frameworks.sh",
				"${BUILT_PRODUCTS_DIR}/BoringSSL-GRPC/openssl_grpc.framework",
				"${BUILT_PRODUCTS_DIR}/GTMSessionFetcher/GTMSessionFetcher.framework",
				"${BUILT_PRODUCTS_DIR}/GoogleUtilities/GoogleUtilities.framework",
				"${BUILT_PRODUCTS_DIR}/Protobuf/Protobuf.framework",
				"${BUILT_PRODUCTS_DIR}/gRPC-C++/grpcpp.framework",
				"${BUILT_PRODUCTS_DIR}/gRPC-Core/grpc.framework",
				"${BUILT_PRODUCTS_DIR}/leveldb-library/leveldb.framework",
				"${BUILT_PRODUCTS_DIR}/nanopb/nanopb.framework",
			);
			name = "[CP] Embed Pods Frameworks";
			outputFileListPaths = (
			);
			outputPaths = (
				"${TARGET_BUILD_DIR}/${FRAMEWORKS_FOLDER_PATH}/openssl_grpc.framework",
				"${TARGET_BUILD_DIR}/${FRAMEWORKS_FOLDER_PATH}/GTMSessionFetcher.framework",
				"${TARGET_BUILD_DIR}/${FRAMEWORKS_FOLDER_PATH}/GoogleUtilities.framework",
				"${TARGET_BUILD_DIR}/${FRAMEWORKS_FOLDER_PATH}/Protobuf.framework",
				"${TARGET_BUILD_DIR}/${FRAMEWORKS_FOLDER_PATH}/grpcpp.framework",
				"${TARGET_BUILD_DIR}/${FRAMEWORKS_FOLDER_PATH}/grpc.framework",
				"${TARGET_BUILD_DIR}/${FRAMEWORKS_FOLDER_PATH}/leveldb.framework",
				"${TARGET_BUILD_DIR}/${FRAMEWORKS_FOLDER_PATH}/nanopb.framework",
			);
			runOnlyForDeploymentPostprocessing = 0;
			shellPath = /bin/sh;
			shellScript = "\"${PODS_ROOT}/Target Support Files/Pods-FoodPlanner/Pods-FoodPlanner-frameworks.sh\"\n";
			showEnvVarsInLog = 0;
		};
		E087157A949920D6E2BB5D63 /* [CP] Check Pods Manifest.lock */ = {
			isa = PBXShellScriptBuildPhase;
			buildActionMask = 2147483647;
			files = (
			);
			inputFileListPaths = (
			);
			inputPaths = (
				"${PODS_PODFILE_DIR_PATH}/Podfile.lock",
				"${PODS_ROOT}/Manifest.lock",
			);
			name = "[CP] Check Pods Manifest.lock";
			outputFileListPaths = (
			);
			outputPaths = (
				"$(DERIVED_FILE_DIR)/Pods-FoodPlannerUITests-checkManifestLockResult.txt",
			);
			runOnlyForDeploymentPostprocessing = 0;
			shellPath = /bin/sh;
			shellScript = "diff \"${PODS_PODFILE_DIR_PATH}/Podfile.lock\" \"${PODS_ROOT}/Manifest.lock\" > /dev/null\nif [ $? != 0 ] ; then\n    # print error to STDERR\n    echo \"error: The sandbox is not in sync with the Podfile.lock. Run 'pod install' or update your CocoaPods installation.\" >&2\n    exit 1\nfi\n# This output is used by Xcode 'outputs' to avoid re-running this script phase.\necho \"SUCCESS\" > \"${SCRIPT_OUTPUT_FILE_0}\"\n";
			showEnvVarsInLog = 0;
		};
		F85CA9A4063223C56F3D6F12 /* [CP] Check Pods Manifest.lock */ = {
			isa = PBXShellScriptBuildPhase;
			buildActionMask = 2147483647;
			files = (
			);
			inputFileListPaths = (
			);
			inputPaths = (
				"${PODS_PODFILE_DIR_PATH}/Podfile.lock",
				"${PODS_ROOT}/Manifest.lock",
			);
			name = "[CP] Check Pods Manifest.lock";
			outputFileListPaths = (
			);
			outputPaths = (
				"$(DERIVED_FILE_DIR)/Pods-FoodPlannerTests-checkManifestLockResult.txt",
			);
			runOnlyForDeploymentPostprocessing = 0;
			shellPath = /bin/sh;
			shellScript = "diff \"${PODS_PODFILE_DIR_PATH}/Podfile.lock\" \"${PODS_ROOT}/Manifest.lock\" > /dev/null\nif [ $? != 0 ] ; then\n    # print error to STDERR\n    echo \"error: The sandbox is not in sync with the Podfile.lock. Run 'pod install' or update your CocoaPods installation.\" >&2\n    exit 1\nfi\n# This output is used by Xcode 'outputs' to avoid re-running this script phase.\necho \"SUCCESS\" > \"${SCRIPT_OUTPUT_FILE_0}\"\n";
			showEnvVarsInLog = 0;
		};
/* End PBXShellScriptBuildPhase section */

/* Begin PBXSourcesBuildPhase section */
		1E3530642271D15900557014 /* Sources */ = {
			isa = PBXSourcesBuildPhase;
			buildActionMask = 2147483647;
			files = (
				1E3530722271D15900557014 /* NotificationController.swift in Sources */,
				1E3530742271D15900557014 /* ComplicationController.swift in Sources */,
				1E3530702271D15900557014 /* ExtensionDelegate.swift in Sources */,
				1E35306E2271D15900557014 /* InterfaceController.swift in Sources */,
			);
			runOnlyForDeploymentPostprocessing = 0;
		};
		1EC628D8222473B70049BCD6 /* Sources */ = {
			isa = PBXSourcesBuildPhase;
			buildActionMask = 2147483647;
			files = (
				1E7E33C22230E46E000CAA9A /* IngredientTableViewCell.swift in Sources */,
				1EDD24362243A9C600A5C3D3 /* ShoppingListTableViewCell.swift in Sources */,
				1E768BDC225B5C9B006EC7A1 /* SettingsViewController.swift in Sources */,
				1E044E8F2232978600889883 /* ShowDishViewController.swift in Sources */,
				1EF42E3E2226F62900CE28AD /* SideMenuViewController.swift in Sources */,
				1E7E337E2229A0DA000CAA9A /* ButtonCell.swift in Sources */,
				1EDD24312242769D00A5C3D3 /* CompareDayWithWeeklyMenuViewController.swift in Sources */,
				1ED932B72264EF6C0040E72A /* ShowPopupWhenGettingInviteViewController.swift in Sources */,
				1EDD24342243A86E00A5C3D3 /* ShoppingListViewController.swift in Sources */,
				1E633C2E2236920C00C87D6D /* RandomWeeklyManuTableViewCell.swift in Sources */,
				1EC6291C22252C120049BCD6 /* CreateAccountViewController.swift in Sources */,
				1E041355223BCEB0007B3406 /* FinishedWeeklyMenuTableViewCell.swift in Sources */,
				1E7E339A222C4B70000CAA9A /* MealOfDayViewController.swift in Sources */,
				1EC629172224FCEE0049BCD6 /* ThemeProtocol.swift in Sources */,
				1E47D4F1225F78A7005E0FFF /* Invite.swift in Sources */,
				1EC62910222479D60049BCD6 /* signInViewController.swift in Sources */,
				1E7E33B322300451000CAA9A /* DishesViewController.swift in Sources */,
				1E041353223BCE08007B3406 /* WeeklyFoodMenuViewController.swift in Sources */,
				1E0851F8225386CE0030DB81 /* ShoppingItem.swift in Sources */,
				1E7E33C022303CCE000CAA9A /* CreateADishViewController.swift in Sources */,
				1E7E33802229A2D4000CAA9A /* Button.swift in Sources */,
				1E47D4FF22638E1C005E0FFF /* DarkTheme.swift in Sources */,
				1EC629152224FCD40049BCD6 /* Theme.swift in Sources */,
				1EC628E2222473B70049BCD6 /* OnboardingViewController.swift in Sources */,
				1E7E33A0222EE266000CAA9A /* Dishes.swift in Sources */,
				1E041350223BC0A4007B3406 /* DishAndDate.swift in Sources */,
				1EC628E0222473B70049BCD6 /* AppDelegate.swift in Sources */,
				1E47D4ED225C9710005E0FFF /* User.swift in Sources */,
				1E7E3382222C20F5000CAA9A /* Dish.swift in Sources */,
				1E044E912232AA3600889883 /* ShowDishTableViewCell.swift in Sources */,
				1EF42E3F2226F62900CE28AD /* ContainerViewController.swift in Sources */,
				1EC629192224FD2D0049BCD6 /* PinkTheme.swift in Sources */,
				1E7E337922295478000CAA9A /* CheckPassword.swift in Sources */,
				1E633C2C223691C200C87D6D /* RandomWeeklyMenuViewController.swift in Sources */,
				1E04B7B2223A8E1000CCB8A8 /* SelectRandomDishesViewController.swift in Sources */,
				1EF42E402226F62900CE28AD /* MainViewController.swift in Sources */,
				1E7E33C42230E4DA000CAA9A /* Ingredient.swift in Sources */,
			);
			runOnlyForDeploymentPostprocessing = 0;
		};
		1EC628EC222473B80049BCD6 /* Sources */ = {
			isa = PBXSourcesBuildPhase;
			buildActionMask = 2147483647;
			files = (
				1EC628F5222473B80049BCD6 /* FoodPlannerTests.swift in Sources */,
			);
			runOnlyForDeploymentPostprocessing = 0;
		};
		1EC628F7222473B80049BCD6 /* Sources */ = {
			isa = PBXSourcesBuildPhase;
			buildActionMask = 2147483647;
			files = (
				1EC62900222473B80049BCD6 /* FoodPlannerUITests.swift in Sources */,
			);
			runOnlyForDeploymentPostprocessing = 0;
		};
/* End PBXSourcesBuildPhase section */

/* Begin PBXTargetDependency section */
		1E35306B2271D15900557014 /* PBXTargetDependency */ = {
			isa = PBXTargetDependency;
			target = 1E3530672271D15900557014 /* ShoppingList Extension */;
			targetProxy = 1E35306A2271D15900557014 /* PBXContainerItemProxy */;
		};
		1E35307A2271D15900557014 /* PBXTargetDependency */ = {
			isa = PBXTargetDependency;
			target = 1E35305B2271D15800557014 /* ShoppingList */;
			targetProxy = 1E3530792271D15900557014 /* PBXContainerItemProxy */;
		};
		1EC628F2222473B80049BCD6 /* PBXTargetDependency */ = {
			isa = PBXTargetDependency;
			target = 1EC628DB222473B70049BCD6 /* FoodPlanner */;
			targetProxy = 1EC628F1222473B80049BCD6 /* PBXContainerItemProxy */;
		};
		1EC628FD222473B80049BCD6 /* PBXTargetDependency */ = {
			isa = PBXTargetDependency;
			target = 1EC628DB222473B70049BCD6 /* FoodPlanner */;
			targetProxy = 1EC628FC222473B80049BCD6 /* PBXContainerItemProxy */;
		};
/* End PBXTargetDependency section */

/* Begin PBXVariantGroup section */
		1E35305E2271D15800557014 /* Interface.storyboard */ = {
			isa = PBXVariantGroup;
			children = (
				1E35305F2271D15800557014 /* Base */,
			);
			name = Interface.storyboard;
			sourceTree = "<group>";
		};
		1E47D4FC22638D03005E0FFF /* Localizable.strings */ = {
			isa = PBXVariantGroup;
			children = (
				1E47D4FB22638D03005E0FFF /* sv */,
				1E47D4FD22638D18005E0FFF /* en */,
			);
			name = Localizable.strings;
			sourceTree = "<group>";
		};
		1EC628E3222473B70049BCD6 /* Main.storyboard */ = {
			isa = PBXVariantGroup;
			children = (
				1EC628E4222473B70049BCD6 /* Base */,
				1E47D4F422638B79005E0FFF /* sv */,
				1E47D4F722638C68005E0FFF /* en */,
			);
			name = Main.storyboard;
			sourceTree = "<group>";
		};
		1EC628E8222473B70049BCD6 /* LaunchScreen.storyboard */ = {
			isa = PBXVariantGroup;
			children = (
				1EC628E9222473B70049BCD6 /* Base */,
				1E47D4F522638B79005E0FFF /* sv */,
			);
			name = LaunchScreen.storyboard;
			sourceTree = "<group>";
		};
/* End PBXVariantGroup section */

/* Begin XCBuildConfiguration section */
		1E35307C2271D15900557014 /* Debug */ = {
			isa = XCBuildConfiguration;
			buildSettings = {
				ALWAYS_EMBED_SWIFT_STANDARD_LIBRARIES = YES;
				ASSETCATALOG_COMPILER_APPICON_NAME = AppIcon;
				CODE_SIGN_IDENTITY = "iPhone Developer";
				CODE_SIGN_STYLE = Automatic;
				DEVELOPMENT_TEAM = DN92XS8U86;
				IBSC_MODULE = ShoppingList_Extension;
				INFOPLIST_FILE = ShoppingList/Info.plist;
				PRODUCT_BUNDLE_IDENTIFIER = se.Bjorn.Ahstrom.FoodPlanner.watchkitapp;
				PRODUCT_NAME = "$(TARGET_NAME)";
				SDKROOT = watchos;
				SKIP_INSTALL = YES;
				SWIFT_VERSION = 5.0;
				TARGETED_DEVICE_FAMILY = 4;
				WATCHOS_DEPLOYMENT_TARGET = 5.2;
			};
			name = Debug;
		};
		1E35307D2271D15900557014 /* Release */ = {
			isa = XCBuildConfiguration;
			buildSettings = {
				ALWAYS_EMBED_SWIFT_STANDARD_LIBRARIES = YES;
				ASSETCATALOG_COMPILER_APPICON_NAME = AppIcon;
				CODE_SIGN_IDENTITY = "iPhone Developer";
				CODE_SIGN_STYLE = Automatic;
				DEVELOPMENT_TEAM = DN92XS8U86;
				IBSC_MODULE = ShoppingList_Extension;
				INFOPLIST_FILE = ShoppingList/Info.plist;
				PRODUCT_BUNDLE_IDENTIFIER = se.Bjorn.Ahstrom.FoodPlanner.watchkitapp;
				PRODUCT_NAME = "$(TARGET_NAME)";
				SDKROOT = watchos;
				SKIP_INSTALL = YES;
				SWIFT_VERSION = 5.0;
				TARGETED_DEVICE_FAMILY = 4;
				WATCHOS_DEPLOYMENT_TARGET = 5.2;
			};
			name = Release;
		};
		1E35307E2271D15900557014 /* Debug */ = {
			isa = XCBuildConfiguration;
			buildSettings = {
				ASSETCATALOG_COMPILER_COMPLICATION_NAME = Complication;
				CODE_SIGN_STYLE = Automatic;
				DEVELOPMENT_TEAM = DN92XS8U86;
				INFOPLIST_FILE = "ShoppingList Extension/Info.plist";
				LD_RUNPATH_SEARCH_PATHS = (
					"$(inherited)",
					"@executable_path/Frameworks",
					"@executable_path/../../Frameworks",
				);
				PRODUCT_BUNDLE_IDENTIFIER = se.Bjorn.Ahstrom.FoodPlanner.watchkitapp.watchkitextension;
				PRODUCT_NAME = "${TARGET_NAME}";
				SDKROOT = watchos;
				SKIP_INSTALL = YES;
				SWIFT_VERSION = 5.0;
				TARGETED_DEVICE_FAMILY = 4;
				WATCHOS_DEPLOYMENT_TARGET = 5.2;
			};
			name = Debug;
		};
		1E35307F2271D15900557014 /* Release */ = {
			isa = XCBuildConfiguration;
			buildSettings = {
				ASSETCATALOG_COMPILER_COMPLICATION_NAME = Complication;
				CODE_SIGN_STYLE = Automatic;
				DEVELOPMENT_TEAM = DN92XS8U86;
				INFOPLIST_FILE = "ShoppingList Extension/Info.plist";
				LD_RUNPATH_SEARCH_PATHS = (
					"$(inherited)",
					"@executable_path/Frameworks",
					"@executable_path/../../Frameworks",
				);
				PRODUCT_BUNDLE_IDENTIFIER = se.Bjorn.Ahstrom.FoodPlanner.watchkitapp.watchkitextension;
				PRODUCT_NAME = "${TARGET_NAME}";
				SDKROOT = watchos;
				SKIP_INSTALL = YES;
				SWIFT_VERSION = 5.0;
				TARGETED_DEVICE_FAMILY = 4;
				WATCHOS_DEPLOYMENT_TARGET = 5.2;
			};
			name = Release;
		};
		1EC62902222473B80049BCD6 /* Debug */ = {
			isa = XCBuildConfiguration;
			buildSettings = {
				ALWAYS_SEARCH_USER_PATHS = NO;
				CLANG_ANALYZER_LOCALIZABILITY_NONLOCALIZED = YES;
				CLANG_ANALYZER_NONNULL = YES;
				CLANG_ANALYZER_NUMBER_OBJECT_CONVERSION = YES_AGGRESSIVE;
				CLANG_CXX_LANGUAGE_STANDARD = "gnu++14";
				CLANG_CXX_LIBRARY = "libc++";
				CLANG_ENABLE_MODULES = YES;
				CLANG_ENABLE_OBJC_ARC = YES;
				CLANG_ENABLE_OBJC_WEAK = YES;
				CLANG_WARN_BLOCK_CAPTURE_AUTORELEASING = YES;
				CLANG_WARN_BOOL_CONVERSION = YES;
				CLANG_WARN_COMMA = YES;
				CLANG_WARN_CONSTANT_CONVERSION = YES;
				CLANG_WARN_DEPRECATED_OBJC_IMPLEMENTATIONS = YES;
				CLANG_WARN_DIRECT_OBJC_ISA_USAGE = YES_ERROR;
				CLANG_WARN_DOCUMENTATION_COMMENTS = YES;
				CLANG_WARN_EMPTY_BODY = YES;
				CLANG_WARN_ENUM_CONVERSION = YES;
				CLANG_WARN_INFINITE_RECURSION = YES;
				CLANG_WARN_INT_CONVERSION = YES;
				CLANG_WARN_NON_LITERAL_NULL_CONVERSION = YES;
				CLANG_WARN_OBJC_IMPLICIT_RETAIN_SELF = YES;
				CLANG_WARN_OBJC_LITERAL_CONVERSION = YES;
				CLANG_WARN_OBJC_ROOT_CLASS = YES_ERROR;
				CLANG_WARN_RANGE_LOOP_ANALYSIS = YES;
				CLANG_WARN_STRICT_PROTOTYPES = YES;
				CLANG_WARN_SUSPICIOUS_MOVE = YES;
				CLANG_WARN_UNGUARDED_AVAILABILITY = YES_AGGRESSIVE;
				CLANG_WARN_UNREACHABLE_CODE = YES;
				CLANG_WARN__DUPLICATE_METHOD_MATCH = YES;
				CODE_SIGN_IDENTITY = "iPhone Developer";
				COPY_PHASE_STRIP = NO;
				DEBUG_INFORMATION_FORMAT = dwarf;
				ENABLE_STRICT_OBJC_MSGSEND = YES;
				ENABLE_TESTABILITY = YES;
				GCC_C_LANGUAGE_STANDARD = gnu11;
				GCC_DYNAMIC_NO_PIC = NO;
				GCC_NO_COMMON_BLOCKS = YES;
				GCC_OPTIMIZATION_LEVEL = 0;
				GCC_PREPROCESSOR_DEFINITIONS = (
					"DEBUG=1",
					"$(inherited)",
				);
				GCC_WARN_64_TO_32_BIT_CONVERSION = YES;
				GCC_WARN_ABOUT_RETURN_TYPE = YES_ERROR;
				GCC_WARN_UNDECLARED_SELECTOR = YES;
				GCC_WARN_UNINITIALIZED_AUTOS = YES_AGGRESSIVE;
				GCC_WARN_UNUSED_FUNCTION = YES;
				GCC_WARN_UNUSED_VARIABLE = YES;
				IPHONEOS_DEPLOYMENT_TARGET = 12.1;
				MTL_ENABLE_DEBUG_INFO = INCLUDE_SOURCE;
				MTL_FAST_MATH = YES;
				ONLY_ACTIVE_ARCH = YES;
				SDKROOT = iphoneos;
				SWIFT_ACTIVE_COMPILATION_CONDITIONS = DEBUG;
				SWIFT_OPTIMIZATION_LEVEL = "-Onone";
			};
			name = Debug;
		};
		1EC62903222473B80049BCD6 /* Release */ = {
			isa = XCBuildConfiguration;
			buildSettings = {
				ALWAYS_SEARCH_USER_PATHS = NO;
				CLANG_ANALYZER_LOCALIZABILITY_NONLOCALIZED = YES;
				CLANG_ANALYZER_NONNULL = YES;
				CLANG_ANALYZER_NUMBER_OBJECT_CONVERSION = YES_AGGRESSIVE;
				CLANG_CXX_LANGUAGE_STANDARD = "gnu++14";
				CLANG_CXX_LIBRARY = "libc++";
				CLANG_ENABLE_MODULES = YES;
				CLANG_ENABLE_OBJC_ARC = YES;
				CLANG_ENABLE_OBJC_WEAK = YES;
				CLANG_WARN_BLOCK_CAPTURE_AUTORELEASING = YES;
				CLANG_WARN_BOOL_CONVERSION = YES;
				CLANG_WARN_COMMA = YES;
				CLANG_WARN_CONSTANT_CONVERSION = YES;
				CLANG_WARN_DEPRECATED_OBJC_IMPLEMENTATIONS = YES;
				CLANG_WARN_DIRECT_OBJC_ISA_USAGE = YES_ERROR;
				CLANG_WARN_DOCUMENTATION_COMMENTS = YES;
				CLANG_WARN_EMPTY_BODY = YES;
				CLANG_WARN_ENUM_CONVERSION = YES;
				CLANG_WARN_INFINITE_RECURSION = YES;
				CLANG_WARN_INT_CONVERSION = YES;
				CLANG_WARN_NON_LITERAL_NULL_CONVERSION = YES;
				CLANG_WARN_OBJC_IMPLICIT_RETAIN_SELF = YES;
				CLANG_WARN_OBJC_LITERAL_CONVERSION = YES;
				CLANG_WARN_OBJC_ROOT_CLASS = YES_ERROR;
				CLANG_WARN_RANGE_LOOP_ANALYSIS = YES;
				CLANG_WARN_STRICT_PROTOTYPES = YES;
				CLANG_WARN_SUSPICIOUS_MOVE = YES;
				CLANG_WARN_UNGUARDED_AVAILABILITY = YES_AGGRESSIVE;
				CLANG_WARN_UNREACHABLE_CODE = YES;
				CLANG_WARN__DUPLICATE_METHOD_MATCH = YES;
				CODE_SIGN_IDENTITY = "iPhone Developer";
				COPY_PHASE_STRIP = NO;
				DEBUG_INFORMATION_FORMAT = "dwarf-with-dsym";
				ENABLE_NS_ASSERTIONS = NO;
				ENABLE_STRICT_OBJC_MSGSEND = YES;
				GCC_C_LANGUAGE_STANDARD = gnu11;
				GCC_NO_COMMON_BLOCKS = YES;
				GCC_WARN_64_TO_32_BIT_CONVERSION = YES;
				GCC_WARN_ABOUT_RETURN_TYPE = YES_ERROR;
				GCC_WARN_UNDECLARED_SELECTOR = YES;
				GCC_WARN_UNINITIALIZED_AUTOS = YES_AGGRESSIVE;
				GCC_WARN_UNUSED_FUNCTION = YES;
				GCC_WARN_UNUSED_VARIABLE = YES;
				IPHONEOS_DEPLOYMENT_TARGET = 12.1;
				MTL_ENABLE_DEBUG_INFO = NO;
				MTL_FAST_MATH = YES;
				SDKROOT = iphoneos;
				SWIFT_COMPILATION_MODE = wholemodule;
				SWIFT_OPTIMIZATION_LEVEL = "-O";
				VALIDATE_PRODUCT = YES;
			};
			name = Release;
		};
		1EC62905222473B80049BCD6 /* Debug */ = {
			isa = XCBuildConfiguration;
			baseConfigurationReference = 62658D5068C3ECEFD0C227EB /* Pods-FoodPlanner.debug.xcconfig */;
			buildSettings = {
				ASSETCATALOG_COMPILER_APPICON_NAME = AppIcon;
				CODE_SIGN_IDENTITY = "iPhone Developer";
				CODE_SIGN_STYLE = Automatic;
				DEVELOPMENT_TEAM = DN92XS8U86;
				INFOPLIST_FILE = "$(SRCROOT)/FoodPlanner/Info.plist";
				LD_RUNPATH_SEARCH_PATHS = (
					"$(inherited)",
					"@executable_path/Frameworks",
				);
				PRODUCT_BUNDLE_IDENTIFIER = se.Bjorn.Ahstrom.FoodPlanner;
				PRODUCT_NAME = "$(TARGET_NAME)";
				PROVISIONING_PROFILE_SPECIFIER = "";
				SWIFT_VERSION = 4.2;
				TARGETED_DEVICE_FAMILY = 1;
			};
			name = Debug;
		};
		1EC62906222473B80049BCD6 /* Release */ = {
			isa = XCBuildConfiguration;
			baseConfigurationReference = D4120E27044268A42BC661BC /* Pods-FoodPlanner.release.xcconfig */;
			buildSettings = {
				ASSETCATALOG_COMPILER_APPICON_NAME = AppIcon;
				CODE_SIGN_IDENTITY = "iPhone Developer";
				CODE_SIGN_STYLE = Automatic;
				DEVELOPMENT_TEAM = DN92XS8U86;
				INFOPLIST_FILE = "$(SRCROOT)/FoodPlanner/Info.plist";
				LD_RUNPATH_SEARCH_PATHS = (
					"$(inherited)",
					"@executable_path/Frameworks",
				);
				PRODUCT_BUNDLE_IDENTIFIER = se.Bjorn.Ahstrom.FoodPlanner;
				PRODUCT_NAME = "$(TARGET_NAME)";
				PROVISIONING_PROFILE_SPECIFIER = "";
				SWIFT_VERSION = 4.2;
				TARGETED_DEVICE_FAMILY = 1;
			};
			name = Release;
		};
		1EC62908222473B80049BCD6 /* Debug */ = {
			isa = XCBuildConfiguration;
			baseConfigurationReference = E195E83A1A66A7AEBCD805F4 /* Pods-FoodPlannerTests.debug.xcconfig */;
			buildSettings = {
				ALWAYS_EMBED_SWIFT_STANDARD_LIBRARIES = YES;
				BUNDLE_LOADER = "$(TEST_HOST)";
				CODE_SIGN_STYLE = Automatic;
				DEVELOPMENT_TEAM = 7B6WJG7GD8;
				INFOPLIST_FILE = FoodPlanerTests/Info.plist;
				LD_RUNPATH_SEARCH_PATHS = (
					"$(inherited)",
					"@executable_path/Frameworks",
					"@loader_path/Frameworks",
				);
				PRODUCT_BUNDLE_IDENTIFIER = se.Bjorn.Ahstrom.FoodPlanerTests;
				PRODUCT_NAME = "$(TARGET_NAME)";
				SWIFT_VERSION = 4.2;
				TARGETED_DEVICE_FAMILY = "1,2";
				TEST_HOST = "$(BUILT_PRODUCTS_DIR)/FoodPlanner.app/FoodPlanner";
			};
			name = Debug;
		};
		1EC62909222473B80049BCD6 /* Release */ = {
			isa = XCBuildConfiguration;
			baseConfigurationReference = 87520F1664569A261041829E /* Pods-FoodPlannerTests.release.xcconfig */;
			buildSettings = {
				ALWAYS_EMBED_SWIFT_STANDARD_LIBRARIES = YES;
				BUNDLE_LOADER = "$(TEST_HOST)";
				CODE_SIGN_STYLE = Automatic;
				DEVELOPMENT_TEAM = 7B6WJG7GD8;
				INFOPLIST_FILE = FoodPlanerTests/Info.plist;
				LD_RUNPATH_SEARCH_PATHS = (
					"$(inherited)",
					"@executable_path/Frameworks",
					"@loader_path/Frameworks",
				);
				PRODUCT_BUNDLE_IDENTIFIER = se.Bjorn.Ahstrom.FoodPlanerTests;
				PRODUCT_NAME = "$(TARGET_NAME)";
				SWIFT_VERSION = 4.2;
				TARGETED_DEVICE_FAMILY = "1,2";
				TEST_HOST = "$(BUILT_PRODUCTS_DIR)/FoodPlanner.app/FoodPlanner";
			};
			name = Release;
		};
		1EC6290B222473B80049BCD6 /* Debug */ = {
			isa = XCBuildConfiguration;
			baseConfigurationReference = FAF5B2A590BB70BCA7991550 /* Pods-FoodPlannerUITests.debug.xcconfig */;
			buildSettings = {
				ALWAYS_EMBED_SWIFT_STANDARD_LIBRARIES = YES;
				CODE_SIGN_STYLE = Automatic;
				DEVELOPMENT_TEAM = 7B6WJG7GD8;
				INFOPLIST_FILE = FoodPlanerUITests/Info.plist;
				LD_RUNPATH_SEARCH_PATHS = (
					"$(inherited)",
					"@executable_path/Frameworks",
					"@loader_path/Frameworks",
				);
				PRODUCT_BUNDLE_IDENTIFIER = se.Bjorn.Ahstrom.FoodPlanerUITests;
				PRODUCT_NAME = "$(TARGET_NAME)";
				SWIFT_VERSION = 4.2;
				TARGETED_DEVICE_FAMILY = "1,2";
				TEST_TARGET_NAME = FoodPlaner;
			};
			name = Debug;
		};
		1EC6290C222473B80049BCD6 /* Release */ = {
			isa = XCBuildConfiguration;
			baseConfigurationReference = 026F5E48AAFD23C53AD510C1 /* Pods-FoodPlannerUITests.release.xcconfig */;
			buildSettings = {
				ALWAYS_EMBED_SWIFT_STANDARD_LIBRARIES = YES;
				CODE_SIGN_STYLE = Automatic;
				DEVELOPMENT_TEAM = 7B6WJG7GD8;
				INFOPLIST_FILE = FoodPlanerUITests/Info.plist;
				LD_RUNPATH_SEARCH_PATHS = (
					"$(inherited)",
					"@executable_path/Frameworks",
					"@loader_path/Frameworks",
				);
				PRODUCT_BUNDLE_IDENTIFIER = se.Bjorn.Ahstrom.FoodPlanerUITests;
				PRODUCT_NAME = "$(TARGET_NAME)";
				SWIFT_VERSION = 4.2;
				TARGETED_DEVICE_FAMILY = "1,2";
				TEST_TARGET_NAME = FoodPlaner;
			};
			name = Release;
		};
/* End XCBuildConfiguration section */

/* Begin XCConfigurationList section */
		1E3530802271D15900557014 /* Build configuration list for PBXNativeTarget "ShoppingList Extension" */ = {
			isa = XCConfigurationList;
			buildConfigurations = (
				1E35307E2271D15900557014 /* Debug */,
				1E35307F2271D15900557014 /* Release */,
			);
			defaultConfigurationIsVisible = 0;
			defaultConfigurationName = Release;
		};
		1E3530822271D15900557014 /* Build configuration list for PBXNativeTarget "ShoppingList" */ = {
			isa = XCConfigurationList;
			buildConfigurations = (
				1E35307C2271D15900557014 /* Debug */,
				1E35307D2271D15900557014 /* Release */,
			);
			defaultConfigurationIsVisible = 0;
			defaultConfigurationName = Release;
		};
		1EC628D7222473B70049BCD6 /* Build configuration list for PBXProject "FoodPlanner" */ = {
			isa = XCConfigurationList;
			buildConfigurations = (
				1EC62902222473B80049BCD6 /* Debug */,
				1EC62903222473B80049BCD6 /* Release */,
			);
			defaultConfigurationIsVisible = 0;
			defaultConfigurationName = Release;
		};
		1EC62904222473B80049BCD6 /* Build configuration list for PBXNativeTarget "FoodPlanner" */ = {
			isa = XCConfigurationList;
			buildConfigurations = (
				1EC62905222473B80049BCD6 /* Debug */,
				1EC62906222473B80049BCD6 /* Release */,
			);
			defaultConfigurationIsVisible = 0;
			defaultConfigurationName = Release;
		};
		1EC62907222473B80049BCD6 /* Build configuration list for PBXNativeTarget "FoodPlannerTests" */ = {
			isa = XCConfigurationList;
			buildConfigurations = (
				1EC62908222473B80049BCD6 /* Debug */,
				1EC62909222473B80049BCD6 /* Release */,
			);
			defaultConfigurationIsVisible = 0;
			defaultConfigurationName = Release;
		};
		1EC6290A222473B80049BCD6 /* Build configuration list for PBXNativeTarget "FoodPlannerUITests" */ = {
			isa = XCConfigurationList;
			buildConfigurations = (
				1EC6290B222473B80049BCD6 /* Debug */,
				1EC6290C222473B80049BCD6 /* Release */,
			);
			defaultConfigurationIsVisible = 0;
			defaultConfigurationName = Release;
		};
/* End XCConfigurationList section */
	};
	rootObject = 1EC628D4222473B70049BCD6 /* Project object */;
}
